
Microsoft Visual Studio Solution File, Format Version 12.00
# Visual Studio 14
VisualStudioVersion = 14.0.25420.1
MinimumVisualStudioVersion = 10.0.40219.1
Project("{2150E333-8FDC-42A3-9474-1A3956D46DE8}") = "Shared Projects", "Shared Projects", "{F6333713-C5B9-46FA-917A-35CB61CA189D}"
EndProject
Project("{2150E333-8FDC-42A3-9474-1A3956D46DE8}") = "Frontend Projects", "Frontend Projects", "{6F9368B0-369C-4AA4-96D9-52D653CA1035}"
EndProject
Project("{2150E333-8FDC-42A3-9474-1A3956D46DE8}") = "Backend Projects", "Backend Projects", "{E42065AC-C9D5-4EFA-859E-5305AA97FBD6}"
EndProject
Global
	GlobalSection(SolutionProperties) = preSolution
		HideSolutionNode = FALSE
	EndGlobalSection
EndGlobal
